
Microsoft Visual Studio Solution File, Format Version 12.00
# Visual Studio Version 17
VisualStudioVersion = 17.2.32526.322
MinimumVisualStudioVersion = 10.0.40219.1
Project("{9A19103F-16F7-4668-BE54-9A1E7A4F7556}") = "trackingg", "trackingg\trackingg.csproj", "{5C519D0C-36D8-4957-96B8-F994861C805E}"
EndProject
Global
	GlobalSection(SolutionConfigurationPlatforms) = preSolution
		Debug|Any CPU = Debug|Any CPU
		Release|Any CPU = Release|Any CPU
	EndGlobalSection
	GlobalSection(ProjectConfigurationPlatforms) = postSolution
		{5C519D0C-36D8-4957-96B8-F994861C805E}.Debug|Any CPU.ActiveCfg = Debug|Any CPU
		{5C519D0C-36D8-4957-96B8-F994861C805E}.Debug|Any CPU.Build.0 = Debug|Any CPU
		{5C519D0C-36D8-4957-96B8-F994861C805E}.Release|Any CPU.ActiveCfg = Release|Any CPU
		{5C519D0C-36D8-4957-96B8-F994861C805E}.Release|Any CPU.Build.0 = Release|Any CPU
	EndGlobalSection
	GlobalSection(SolutionProperties) = preSolution
		HideSolutionNode = FALSE
	EndGlobalSection
	GlobalSection(ExtensibilityGlobals) = postSolution
		SolutionGuid = {292054ED-7F2A-4D27-8E5F-B4CADD0AC3F0}
	EndGlobalSection
EndGlobal
